
Microsoft Visual Studio Solution File, Format Version 12.00
# Visual Studio 15
VisualStudioVersion = 15.0.27428.2005
MinimumVisualStudioVersion = 10.0.40219.1
Project("{FAE04EC0-301F-11D3-BF4B-00C04F79EFBC}") = "FlowerShop", "FlowerShop\FlowerShop.csproj", "{BF54D7F3-8108-4B6D-A844-2083561A086E}"
EndProject
Global
	GlobalSection(SolutionConfigurationPlatforms) = preSolution
		Debug|Any CPU = Debug|Any CPU
		Release|Any CPU = Release|Any CPU
	EndGlobalSection
	GlobalSection(ProjectConfigurationPlatforms) = postSolution
		{BF54D7F3-8108-4B6D-A844-2083561A086E}.Debug|Any CPU.ActiveCfg = Debug|Any CPU
		{BF54D7F3-8108-4B6D-A844-2083561A086E}.Debug|Any CPU.Build.0 = Debug|Any CPU
		{BF54D7F3-8108-4B6D-A844-2083561A086E}.Release|Any CPU.ActiveCfg = Release|Any CPU
		{BF54D7F3-8108-4B6D-A844-2083561A086E}.Release|Any CPU.Build.0 = Release|Any CPU
	EndGlobalSection
	GlobalSection(SolutionProperties) = preSolution
		HideSolutionNode = FALSE
	EndGlobalSection
	GlobalSection(ExtensibilityGlobals) = postSolution
		SolutionGuid = {4A775D57-5DB9-49E2-8EC3-966A12053A86}
	EndGlobalSection
EndGlobal
